
Microsoft Visual Studio Solution File, Format Version 12.00
# Visual Studio Version 17
VisualStudioVersion = 17.9.34407.89
MinimumVisualStudioVersion = 10.0.40219.1
Project("{FAE04EC0-301F-11D3-BF4B-00C04F79EFBC}") = "BlazorSignalR", "BlazorSignalR\BlazorSignalR.csproj", "{DCFE177B-457E-4AF1-A2C9-3190E2B86128}"
EndProject
Global
	GlobalSection(SolutionConfigurationPlatforms) = preSolution
		Debug|Any CPU = Debug|Any CPU
		Release|Any CPU = Release|Any CPU
	EndGlobalSection
	GlobalSection(ProjectConfigurationPlatforms) = postSolution
		{DCFE177B-457E-4AF1-A2C9-3190E2B86128}.Debug|Any CPU.ActiveCfg = Debug|Any CPU
		{DCFE177B-457E-4AF1-A2C9-3190E2B86128}.Debug|Any CPU.Build.0 = Debug|Any CPU
		{DCFE177B-457E-4AF1-A2C9-3190E2B86128}.Release|Any CPU.ActiveCfg = Release|Any CPU
		{DCFE177B-457E-4AF1-A2C9-3190E2B86128}.Release|Any CPU.Build.0 = Release|Any CPU
	EndGlobalSection
	GlobalSection(SolutionProperties) = preSolution
		HideSolutionNode = FALSE
	EndGlobalSection
	GlobalSection(ExtensibilityGlobals) = postSolution
		SolutionGuid = {BB4079EF-0BFE-4D67-8CA5-2C8130592A3F}
	EndGlobalSection
EndGlobal
